{
  "name": "boo-color-selector",
  "version": "0.0.3",
  "lockfileVersion": 1,
  "requires": true,
  "dependencies": {
    "@polymer/app-layout": {
      "version": "3.0.0-pre.21",
      "resolved": "https://registry.npmjs.org/@polymer/app-layout/-/app-layout-3.0.0-pre.21.tgz",
      "integrity": "sha512-yQpUQR3zFJWb/sS5wU1prcuyjL6yzKD7L+qRoK0TYLcS7kHO6k3vB4ufHg//lN4HHhOvw3Q5dwe2bgVdlm0ELw==",
      "requires": {
        "@polymer/iron-flex-layout": "^3.0.0-pre.21",
        "@polymer/iron-media-query": "^3.0.0-pre.21",
        "@polymer/iron-resizable-behavior": "^3.0.0-pre.21",
        "@polymer/iron-scroll-target-behavior": "^3.0.0-pre.21",
        "@polymer/polymer": "^3.0.0"
      }
    },
    "@polymer/font-roboto": {
      "version": "3.0.0-pre.21",
      "resolved": "https://registry.npmjs.org/@polymer/font-roboto/-/font-roboto-3.0.0-pre.21.tgz",
      "integrity": "sha512-1DnYDaoyTeSmZzocj7jhHS8tM1j+FJNTrMEOyudLKF8sqGzmlz48XyMRbt4RL4pO9szz5vJ8xhS+4WUPHFj9OA=="
    },
    "@polymer/iron-a11y-announcer": {
      "version": "3.0.0-pre.21",
      "resolved": "https://registry.npmjs.org/@polymer/iron-a11y-announcer/-/iron-a11y-announcer-3.0.0-pre.21.tgz",
      "integrity": "sha512-n35ck7y5aQweRxK2JvEe7sFE/LbUd/b5EW8tYPa/96iZw1qcTHWtIKdMJjDH18YroKVFH4Ncz4/0Xg7GChLhvA==",
      "requires": {
        "@polymer/polymer": "^3.0.0"
      }
    },
    "@polymer/iron-a11y-keys-behavior": {
      "version": "3.0.0-pre.21",
      "resolved": "https://registry.npmjs.org/@polymer/iron-a11y-keys-behavior/-/iron-a11y-keys-behavior-3.0.0-pre.21.tgz",
      "integrity": "sha512-fdADeKVQsZ7Izg5H6pOM9VVFWMTVUGgMfGr6jzEW0ehZT6N7bTzBIjft2r8sh3qSx2zCUxQEgUUDoeXE9/yROA==",
      "requires": {
        "@polymer/polymer": "^3.0.0"
      }
    },
    "@polymer/iron-autogrow-textarea": {
      "version": "3.0.0-pre.21",
      "resolved": "https://registry.npmjs.org/@polymer/iron-autogrow-textarea/-/iron-autogrow-textarea-3.0.0-pre.21.tgz",
      "integrity": "sha512-sMpNcSeq0lR54y4K+tWbK6WI1e8Fbl7JRXWfIOFQuggzKRQf/snSpTTJicgGRgDmctt7kNQOh/r1XQelLdPcZg==",
      "requires": {
        "@polymer/iron-behaviors": "^3.0.0-pre.21",
        "@polymer/iron-flex-layout": "^3.0.0-pre.21",
        "@polymer/iron-validatable-behavior": "^3.0.0-pre.21",
        "@polymer/polymer": "^3.0.0"
      }
    },
    "@polymer/iron-behaviors": {
      "version": "3.0.0-pre.21",
      "resolved": "https://registry.npmjs.org/@polymer/iron-behaviors/-/iron-behaviors-3.0.0-pre.21.tgz",
      "integrity": "sha512-sxdLri6CMNs6kty8sPDYGuAX9LofbEn2r/qI3QkJZUXFZhZUSGwCmoDt9yMWffNSamUsEDURLafYW09jOEhtRQ==",
      "requires": {
        "@polymer/iron-a11y-keys-behavior": "^3.0.0-pre.21",
        "@polymer/polymer": "^3.0.0"
      }
    },
    "@polymer/iron-checked-element-behavior": {
      "version": "3.0.0-pre.21",
      "resolved": "https://registry.npmjs.org/@polymer/iron-checked-element-behavior/-/iron-checked-element-behavior-3.0.0-pre.21.tgz",
      "integrity": "sha512-ZpyKomXudcOM1vGvfqwFkrlTumChStbNy5rRFKbdCbsUeZsXV83LIHfkXxMhJJ5hEIExvK4pDcnv/wEdFggXPQ==",
      "requires": {
        "@polymer/iron-form-element-behavior": "^3.0.0-pre.21",
        "@polymer/iron-validatable-behavior": "^3.0.0-pre.21",
        "@polymer/polymer": "^3.0.0"
      }
    },
    "@polymer/iron-demo-helpers": {
      "version": "3.0.0-pre.21",
      "resolved": "https://registry.npmjs.org/@polymer/iron-demo-helpers/-/iron-demo-helpers-3.0.0-pre.21.tgz",
      "integrity": "sha512-hkc6vNAMBbScLuntRpff1IkeMKIPa1SKNRhhBxaO/T16u+KTuMs7e/i9XJodXPBUQEyzlaZa7qc5GXU3oeTrxw==",
      "dev": true,
      "requires": {
        "@polymer/font-roboto": "^3.0.0-pre.21",
        "@polymer/iron-flex-layout": "^3.0.0-pre.21",
        "@polymer/iron-location": "^3.0.0-pre.21",
        "@polymer/marked-element": "^3.0.0-pre.21",
        "@polymer/polymer": "^3.0.0",
        "@polymer/prism-element": "^3.0.0-pre.21"
      }
    },
    "@polymer/iron-dropdown": {
      "version": "3.0.0-pre.21",
      "resolved": "https://registry.npmjs.org/@polymer/iron-dropdown/-/iron-dropdown-3.0.0-pre.21.tgz",
      "integrity": "sha512-0fMnxf4p2fArEwRHvMNrDjDTsHQuUkgukzSq/ERww3oWBVPlYxMCTv5ikUFqLfupvjSYNoONxcjOt4V9VFiNow==",
      "requires": {
        "@polymer/iron-behaviors": "^3.0.0-pre.21",
        "@polymer/iron-overlay-behavior": "^3.0.0-pre.21",
        "@polymer/neon-animation": "^3.0.0-pre.21",
        "@polymer/polymer": "^3.0.0"
      }
    },
    "@polymer/iron-fit-behavior": {
      "version": "3.0.0-pre.21",
      "resolved": "https://registry.npmjs.org/@polymer/iron-fit-behavior/-/iron-fit-behavior-3.0.0-pre.21.tgz",
      "integrity": "sha512-j3F59w4xGfVbmw8PQruQz4b7tHpi2cmgVeuOuQM6eG0+wA6hu5O2I+LYJCQmCLuQN8LzFjATTOCDfhlDb2Pfcg==",
      "requires": {
        "@polymer/polymer": "^3.0.0"
      }
    },
    "@polymer/iron-flex-layout": {
      "version": "3.0.0-pre.21",
      "resolved": "https://registry.npmjs.org/@polymer/iron-flex-layout/-/iron-flex-layout-3.0.0-pre.21.tgz",
      "integrity": "sha512-/GFBWLBhpzycXmdyS+rzQxCa/ssCX5ZGEa0M/oMRsUK/hUKrj/XBNNYZ3BlyHf2NHELNqnwZLcIZB5EPjA0uwg==",
      "requires": {
        "@polymer/polymer": "^3.0.0"
      }
    },
    "@polymer/iron-form-element-behavior": {
      "version": "3.0.0-pre.21",
      "resolved": "https://registry.npmjs.org/@polymer/iron-form-element-behavior/-/iron-form-element-behavior-3.0.0-pre.21.tgz",
      "integrity": "sha512-E9oS0ryZw7FPQ/XMmBaKScyv8l/z86kKpIfXm+WLbqapu5FIuNE54z/73QUs5uoKI+H8gR9UL48mzZGCiGEMDw==",
      "requires": {
        "@polymer/polymer": "^3.0.0"
      }
    },
    "@polymer/iron-icon": {
      "version": "3.0.0-pre.21",
      "resolved": "https://registry.npmjs.org/@polymer/iron-icon/-/iron-icon-3.0.0-pre.21.tgz",
      "integrity": "sha512-B/6ncM/JiKYOCkYtIsgztZuMzmMWAR5POGQ0r7TU0RaBzKstqTvn6NfRHeNzYjsOwBMse/wA6/qvgvCRgx6kWw==",
      "requires": {
        "@polymer/iron-flex-layout": "^3.0.0-pre.21",
        "@polymer/iron-meta": "^3.0.0-pre.21",
        "@polymer/polymer": "^3.0.0"
      }
    },
    "@polymer/iron-iconset-svg": {
      "version": "3.0.0-pre.21",
      "resolved": "https://registry.npmjs.org/@polymer/iron-iconset-svg/-/iron-iconset-svg-3.0.0-pre.21.tgz",
      "integrity": "sha512-YWdX3QROFHKsGds9wUDbD2u1hN6uG6oG4fEu/F16aHFQg9tu2oiSyRspGsOQlXJ28177Qc2rxQ1Kp8GdlzpMbw==",
      "requires": {
        "@polymer/iron-meta": "^3.0.0-pre.21",
        "@polymer/polymer": "^3.0.0"
      }
    },
    "@polymer/iron-input": {
      "version": "3.0.0-pre.21",
      "resolved": "https://registry.npmjs.org/@polymer/iron-input/-/iron-input-3.0.0-pre.21.tgz",
      "integrity": "sha512-76XxEoP6rugsEma+V1nIV8Nd76hqhseQ+bBf6Sgda69bUvanxCmVs4TOVXSnh3SnfptBUfENVws3akJKrTgoLg==",
      "requires": {
        "@polymer/iron-a11y-announcer": "^3.0.0-pre.21",
        "@polymer/iron-validatable-behavior": "^3.0.0-pre.21",
        "@polymer/polymer": "^3.0.0"
      }
    },
    "@polymer/iron-location": {
      "version": "3.0.0-pre.21",
      "resolved": "https://registry.npmjs.org/@polymer/iron-location/-/iron-location-3.0.0-pre.21.tgz",
      "integrity": "sha512-NIAAGKkvUkfkVg3lge4r66WdcTXTZfhNwADWwh5REcM5rubqMWb6PKb+K/6bumDEODYtI5waL3ewOeFMdONUHA==",
      "dev": true,
      "requires": {
        "@polymer/polymer": "^3.0.0"
      }
    },
    "@polymer/iron-media-query": {
      "version": "3.0.0-pre.21",
      "resolved": "https://registry.npmjs.org/@polymer/iron-media-query/-/iron-media-query-3.0.0-pre.21.tgz",
      "integrity": "sha512-hvuNZj53XBU6LDU93VDkOozH3Kn6Gd7hsi/KlOCHPocQFhCz+ChM3uSfC7Jf0cBLvS1VpH0hxUDAvQNlrx9H/w==",
      "requires": {
        "@polymer/polymer": "^3.0.0"
      }
    },
    "@polymer/iron-meta": {
      "version": "3.0.0-pre.21",
      "resolved": "https://registry.npmjs.org/@polymer/iron-meta/-/iron-meta-3.0.0-pre.21.tgz",
      "integrity": "sha512-RR24zD2t4rSJyjisMo5Cfy200FFYrsmRDZSX8wk1JdaDHVWLgq9DM1aa7/B7WI7sEWkckzVZPBthRFVB+PmVwA==",
      "requires": {
        "@polymer/polymer": "^3.0.0"
      }
    },
    "@polymer/iron-overlay-behavior": {
      "version": "3.0.0-pre.21",
      "resolved": "https://registry.npmjs.org/@polymer/iron-overlay-behavior/-/iron-overlay-behavior-3.0.0-pre.21.tgz",
      "integrity": "sha512-aHGtygYEXmFu0Y13vLuBfXm/obNlGnb4JdKCycB931ugfrloEwYo+8DcPyWdc3J0dMJDhv7pH8VZJglNdUQjZA==",
      "requires": {
        "@polymer/iron-a11y-keys-behavior": "^3.0.0-pre.21",
        "@polymer/iron-fit-behavior": "^3.0.0-pre.21",
        "@polymer/iron-resizable-behavior": "^3.0.0-pre.21",
        "@polymer/polymer": "^3.0.0"
      }
    },
    "@polymer/iron-range-behavior": {
      "version": "3.0.0-pre.21",
      "resolved": "https://registry.npmjs.org/@polymer/iron-range-behavior/-/iron-range-behavior-3.0.0-pre.21.tgz",
      "integrity": "sha512-2Fehcs9onjKIw18KivnOdH40sjy7Sn4l5OhCr8Zu7QBcB3MSBUxyEorRerzh3hVmUB5Y4WwXVFCCmz3SoEGoiA==",
      "requires": {
        "@polymer/polymer": "^3.0.0"
      }
    },
    "@polymer/iron-resizable-behavior": {
      "version": "3.0.0-pre.21",
      "resolved": "https://registry.npmjs.org/@polymer/iron-resizable-behavior/-/iron-resizable-behavior-3.0.0-pre.21.tgz",
      "integrity": "sha512-V27DpRXUofbz8K43U5ITC2N/LIrqIrrmaslNxrnasTheiDiienpZDFBTCjO+eGz61Cijjs39VIEYF9TezbDY8A==",
      "requires": {
        "@polymer/polymer": "^3.0.0"
      }
    },
    "@polymer/iron-scroll-target-behavior": {
      "version": "3.0.0-pre.21",
      "resolved": "https://registry.npmjs.org/@polymer/iron-scroll-target-behavior/-/iron-scroll-target-behavior-3.0.0-pre.21.tgz",
      "integrity": "sha512-bHW5eKtXmSHzZbMAo7cUgORkLKToMawY4+jHQCUyghmX+pRCnedOF56YJW96Ix60/NzU1SLrEin1RMDjlISw/w==",
      "requires": {
        "@polymer/polymer": "^3.0.0"
      }
    },
    "@polymer/iron-selector": {
      "version": "3.0.0-pre.21",
      "resolved": "https://registry.npmjs.org/@polymer/iron-selector/-/iron-selector-3.0.0-pre.21.tgz",
      "integrity": "sha512-vfBRGY1EggP/mk7AbZAzVfYaPVh+ZCcH4mX8QccW8ZTrU0F6QXhoPAgss0gAFc+pz79C3irqDfVvoViQrmOUDw==",
      "requires": {
        "@polymer/polymer": "^3.0.0"
      }
    },
    "@polymer/iron-validatable-behavior": {
      "version": "3.0.0-pre.21",
      "resolved": "https://registry.npmjs.org/@polymer/iron-validatable-behavior/-/iron-validatable-behavior-3.0.0-pre.21.tgz",
      "integrity": "sha512-G4yxCe2xp9+jJ0MkjqC26MKo1FqsvUrnmqpCtJiVBLlpZEUx1b2lZz2ZzynXpnisg9EuZ3xtHtOge5UFTNoG+w==",
      "requires": {
        "@polymer/iron-meta": "^3.0.0-pre.21",
        "@polymer/polymer": "^3.0.0"
      }
    },
    "@polymer/marked-element": {
      "version": "3.0.0-pre.21",
      "resolved": "https://registry.npmjs.org/@polymer/marked-element/-/marked-element-3.0.0-pre.21.tgz",
      "integrity": "sha512-7DlbJb/l/M87heHvj8lmK6P02fUpoMZLIe6GxbqQscH0uvDtHTyM7topu1hBt0pg0V7wkgC5KInZteftMQSPeQ==",
      "dev": true,
      "requires": {
        "@polymer/polymer": "^3.0.0",
        "marked": "~0.3.9"
      }
    },
    "@polymer/neon-animation": {
      "version": "3.0.0-pre.21",
      "resolved": "https://registry.npmjs.org/@polymer/neon-animation/-/neon-animation-3.0.0-pre.21.tgz",
      "integrity": "sha512-aOretgBxXazpGHKqn2FepGi5VHi7tzht2IeyGHG9J9S6k955cohZQ3twThT76ZhLi4Tlu761cCu9YwFg2aLxUQ==",
      "requires": {
        "@polymer/iron-resizable-behavior": "^3.0.0-pre.21",
        "@polymer/iron-selector": "^3.0.0-pre.21",
        "@polymer/polymer": "^3.0.0"
      }
    },
    "@polymer/paper-behaviors": {
      "version": "3.0.0-pre.21",
      "resolved": "https://registry.npmjs.org/@polymer/paper-behaviors/-/paper-behaviors-3.0.0-pre.21.tgz",
      "integrity": "sha512-CiS/1K9b+b5qxpykr5P/ZeO5le06H7aaR/ymPWJ/m0ioFcSyzRPWlEwjDwiqqCBCmwmdsLXvLYmB2Z6oLiXqPQ==",
      "requires": {
        "@polymer/iron-behaviors": "^3.0.0-pre.21",
        "@polymer/iron-checked-element-behavior": "^3.0.0-pre.21",
        "@polymer/paper-ripple": "^3.0.0-pre.21",
        "@polymer/polymer": "^3.0.0"
      }
    },
    "@polymer/paper-button": {
      "version": "3.0.0-pre.21",
      "resolved": "https://registry.npmjs.org/@polymer/paper-button/-/paper-button-3.0.0-pre.21.tgz",
      "integrity": "sha512-V4GBy/3MK0uA3XRwds87XxCCGVUdsSi4gzCw4wBXtJdPF/nUr/mWPgUcQO7bx4Yz7Bih7PxYcRPSPN5lucMjRw==",
      "requires": {
        "@polymer/iron-flex-layout": "^3.0.0-pre.21",
        "@polymer/paper-behaviors": "^3.0.0-pre.21",
        "@polymer/paper-styles": "^3.0.0-pre.21",
        "@polymer/polymer": "^3.0.0"
      }
    },
    "@polymer/paper-dropdown-menu": {
      "version": "3.0.0-pre.21",
      "resolved": "https://registry.npmjs.org/@polymer/paper-dropdown-menu/-/paper-dropdown-menu-3.0.0-pre.21.tgz",
      "integrity": "sha512-U7hBAqGG1OknVcp1B3q8CCAhJpGMUJsQT4i5SSDDf5oMw51n9IdmziBXxwJK25GM7GCsWnPNi89tFISaHkEEWg==",
      "requires": {
        "@polymer/iron-a11y-keys-behavior": "^3.0.0-pre.21",
        "@polymer/iron-form-element-behavior": "^3.0.0-pre.21",
        "@polymer/iron-icon": "^3.0.0-pre.21",
        "@polymer/iron-iconset-svg": "^3.0.0-pre.21",
        "@polymer/iron-validatable-behavior": "^3.0.0-pre.21",
        "@polymer/paper-behaviors": "^3.0.0-pre.21",
        "@polymer/paper-input": "^3.0.0-pre.21",
        "@polymer/paper-menu-button": "^3.0.0-pre.21",
        "@polymer/paper-ripple": "^3.0.0-pre.21",
        "@polymer/paper-styles": "^3.0.0-pre.21",
        "@polymer/polymer": "^3.0.0"
      }
    },
    "@polymer/paper-icon-button": {
      "version": "3.0.0-pre.21",
      "resolved": "https://registry.npmjs.org/@polymer/paper-icon-button/-/paper-icon-button-3.0.0-pre.21.tgz",
      "integrity": "sha512-H+kx7v6R7+Hd6A6hSt+bsCMzbTPArty8yGFqTKpjsvGFCVfRHcIwoKrHqgQ0CX/JHmn2Zs+tF0IIdtiHjJYegg==",
      "requires": {
        "@polymer/iron-icon": "^3.0.0-pre.21",
        "@polymer/paper-behaviors": "^3.0.0-pre.21",
        "@polymer/paper-styles": "^3.0.0-pre.21",
        "@polymer/polymer": "^3.0.0"
      }
    },
    "@polymer/paper-input": {
      "version": "3.0.0-pre.21",
      "resolved": "https://registry.npmjs.org/@polymer/paper-input/-/paper-input-3.0.0-pre.21.tgz",
      "integrity": "sha512-xBRiy9QHS47Yfkv+242qRr1KFvoI1t7VS6kl+fr/pF3fS4WCT4T0oNOaDoOaj7iMmGSRPOgE2Y2+0FC0pl2yIw==",
      "requires": {
        "@polymer/iron-a11y-keys-behavior": "^3.0.0-pre.21",
        "@polymer/iron-autogrow-textarea": "^3.0.0-pre.21",
        "@polymer/iron-behaviors": "^3.0.0-pre.21",
        "@polymer/iron-form-element-behavior": "^3.0.0-pre.21",
        "@polymer/iron-input": "^3.0.0-pre.21",
        "@polymer/paper-styles": "^3.0.0-pre.21",
        "@polymer/polymer": "^3.0.0"
      }
    },
    "@polymer/paper-menu-button": {
      "version": "3.0.0-pre.21",
      "resolved": "https://registry.npmjs.org/@polymer/paper-menu-button/-/paper-menu-button-3.0.0-pre.21.tgz",
      "integrity": "sha512-nF4ncCsELt4Bb2zGw012TbtO3c71p0y86f+dHoX36ZqDD/2l0R4sOdGqIxfvY9rsqPlaKzFnEPLhKSQFln7JGg==",
      "requires": {
        "@polymer/iron-a11y-keys-behavior": "^3.0.0-pre.21",
        "@polymer/iron-behaviors": "^3.0.0-pre.21",
        "@polymer/iron-dropdown": "^3.0.0-pre.21",
        "@polymer/iron-fit-behavior": "^3.0.0-pre.21",
        "@polymer/neon-animation": "^3.0.0-pre.21",
        "@polymer/paper-styles": "^3.0.0-pre.21",
        "@polymer/polymer": "^3.0.0"
      }
    },
    "@polymer/paper-progress": {
      "version": "3.0.0-pre.21",
      "resolved": "https://registry.npmjs.org/@polymer/paper-progress/-/paper-progress-3.0.0-pre.21.tgz",
      "integrity": "sha512-U4uEaU77uJexdu9qPxMiiZDnD/OHSjKHTmgjyNqDzrF+Qzt4WKJtv2fsBXFf4kXvQgIXwIQBMBjn8uXXo4TrTw==",
      "requires": {
        "@polymer/iron-flex-layout": "^3.0.0-pre.21",
        "@polymer/iron-range-behavior": "^3.0.0-pre.21",
        "@polymer/paper-styles": "^3.0.0-pre.21",
        "@polymer/polymer": "^3.0.0"
      }
    },
    "@polymer/paper-ripple": {
      "version": "3.0.0-pre.21",
      "resolved": "https://registry.npmjs.org/@polymer/paper-ripple/-/paper-ripple-3.0.0-pre.21.tgz",
      "integrity": "sha512-qqNdU1/57WtMr+3NiAVI2zXw4LrEX9QD9jwifIgJXWj+lqe0YMeKrXOvCYHvV8nv9Owq7dRGvhOXM++E+imoLQ==",
      "requires": {
        "@polymer/iron-a11y-keys-behavior": "^3.0.0-pre.21",
        "@polymer/polymer": "^3.0.0"
      }
    },
    "@polymer/paper-slider": {
      "version": "3.0.0-pre.21",
      "resolved": "https://registry.npmjs.org/@polymer/paper-slider/-/paper-slider-3.0.0-pre.21.tgz",
      "integrity": "sha512-K1rMVDkxSWxWpmlPXEGrTtWfHaLnbSDwHdXLqlQD+iDawe6FFEnXcWAmaspvGiMDcS4qdJT0OGxlljtKli6RlA==",
      "requires": {
        "@polymer/iron-a11y-keys-behavior": "^3.0.0-pre.21",
        "@polymer/iron-behaviors": "^3.0.0-pre.21",
        "@polymer/iron-flex-layout": "^3.0.0-pre.21",
        "@polymer/iron-form-element-behavior": "^3.0.0-pre.21",
        "@polymer/paper-behaviors": "^3.0.0-pre.21",
        "@polymer/paper-input": "^3.0.0-pre.21",
        "@polymer/paper-progress": "^3.0.0-pre.21",
        "@polymer/paper-styles": "^3.0.0-pre.21",
        "@polymer/polymer": "^3.0.0"
      }
    },
    "@polymer/paper-styles": {
      "version": "3.0.0-pre.21",
      "resolved": "https://registry.npmjs.org/@polymer/paper-styles/-/paper-styles-3.0.0-pre.21.tgz",
      "integrity": "sha512-GJB0EirkY17N05kbTMDa8aABvQ2GIE95LMt7aOy16VG6sjh1TFS0gUOnoGgHA7ZUUZsOP3BdNqxKYzgQ+9m/GA==",
      "requires": {
        "@polymer/font-roboto": "^3.0.0-pre.21",
        "@polymer/iron-flex-layout": "^3.0.0-pre.21",
        "@polymer/polymer": "^3.0.0"
      }
    },
    "@polymer/polymer": {
      "version": "3.0.2",
      "resolved": "https://registry.npmjs.org/@polymer/polymer/-/polymer-3.0.2.tgz",
      "integrity": "sha512-ow8AAjTe9ps8bantY9IvL0PT+xHf5VN3Cjahfr7gBJAc0lv3jTwGBv7pso65SHyrUJEEHeakhx6iPMl7qY4tfw==",
      "requires": {
        "@webcomponents/shadycss": "^1.2.0"
      }
    },
    "@polymer/prism-element": {
      "version": "3.0.0-pre.21",
      "resolved": "https://registry.npmjs.org/@polymer/prism-element/-/prism-element-3.0.0-pre.21.tgz",
      "integrity": "sha512-8ZvgyrVncOOy9EoGIBAdgBTaPVfu4Vg0fHsBOQ9qCpGXYOU+033G9hgrHgNyWKNR1VGmdVEhztTvNIGqH9KzQA==",
      "dev": true,
      "requires": {
        "@polymer/polymer": "^3.0.0",
        "prismjs": "^1.11.0"
      }
    },
    "@webcomponents/shadycss": {
      "version": "1.3.1",
      "resolved": "https://registry.npmjs.org/@webcomponents/shadycss/-/shadycss-1.3.1.tgz",
      "integrity": "sha512-U/j4nODWIq0U9v0ll48dj4U4YgTqsVeRt0LKei0GA10JUpnZnORoIByY5+7m9G6KWIAj2mT9KtuUOnn7u93VXg=="
    },
    "@webcomponents/webcomponentsjs": {
      "version": "2.0.2",
      "resolved": "https://registry.npmjs.org/@webcomponents/webcomponentsjs/-/webcomponentsjs-2.0.2.tgz",
      "integrity": "sha512-+3515t7jnWsx+mNRECwXbjXBM0DLCNB4uH4DSIbu7akIJn0tO2GZuLvZeBhXbRFQLfohN+2ZTWT44A6EtPhVqA=="
    },
    "boo-window": {
      "version": "0.0.7",
      "resolved": "https://registry.npmjs.org/boo-window/-/boo-window-0.0.7.tgz",
      "integrity": "sha512-GG7x3HrZ1hmbpHLwfEbbPhPnWUUYeolnOQyhJEMDe3sZPM0YFMxvhUGJDUK8nrdSL9pTubT+Yzg6+ZprbebhUw==",
      "requires": {
        "@polymer/neon-animation": "^3.0.0-pre.19",
        "@polymer/polymer": "^3.0.0",
        "@webcomponents/webcomponentsjs": "2.0.0-beta.2",
        "web-animations-js": "^2.3.1"
      },
      "dependencies": {
        "@webcomponents/webcomponentsjs": {
          "version": "2.0.0-beta.2",
          "resolved": "https://registry.npmjs.org/@webcomponents/webcomponentsjs/-/webcomponentsjs-2.0.0-beta.2.tgz",
          "integrity": "sha512-qgt5dRWfMirJwtKiSjdP6I7UjWTMIP/SYBD/M55/KlSSABy7SMkZ4MPES0ict3ddpfAgZ99OLziWAD1klsxVFw=="
        }
      }
    },
    "clipboard": {
      "version": "2.0.1",
      "resolved": "https://registry.npmjs.org/clipboard/-/clipboard-2.0.1.tgz",
      "integrity": "sha512-7yhQBmtN+uYZmfRjjVjKa0dZdWuabzpSKGtyQZN+9C8xlC788SSJjOHWh7tzurfwTqTD5UDYAhIv5fRJg3sHjQ==",
      "dev": true,
      "optional": true,
      "requires": {
        "good-listener": "^1.2.2",
        "select": "^1.1.2",
        "tiny-emitter": "^2.0.0"
      }
    },
    "delegate": {
      "version": "3.2.0",
      "resolved": "https://registry.npmjs.org/delegate/-/delegate-3.2.0.tgz",
      "integrity": "sha512-IofjkYBZaZivn0V8nnsMJGBr4jVLxHDheKSW88PyxS5QC4Vo9ZbZVvhzlSxY87fVq3STR6r+4cGepyHkcWOQSw==",
      "dev": true,
      "optional": true
    },
    "good-listener": {
      "version": "1.2.2",
      "resolved": "https://registry.npmjs.org/good-listener/-/good-listener-1.2.2.tgz",
      "integrity": "sha1-1TswzfkxPf+33JoNR3CWqm0UXFA=",
      "dev": true,
      "optional": true,
      "requires": {
        "delegate": "^3.1.2"
      }
    },
    "marked": {
      "version": "0.3.19",
      "resolved": "https://registry.npmjs.org/marked/-/marked-0.3.19.tgz",
      "integrity": "sha512-ea2eGWOqNxPcXv8dyERdSr/6FmzvWwzjMxpfGB/sbMccXoct+xY+YukPD+QTUZwyvK7BZwcr4m21WBOW41pAkg==",
      "dev": true
    },
    "prismjs": {
      "version": "1.15.0",
      "resolved": "https://registry.npmjs.org/prismjs/-/prismjs-1.15.0.tgz",
      "integrity": "sha512-Lf2JrFYx8FanHrjoV5oL8YHCclLQgbJcVZR+gikGGMqz6ub5QVWDTM6YIwm3BuPxM/LOV+rKns3LssXNLIf+DA==",
      "dev": true,
      "requires": {
        "clipboard": "^2.0.0"
      }
    },
    "select": {
      "version": "1.1.2",
      "resolved": "https://registry.npmjs.org/select/-/select-1.1.2.tgz",
      "integrity": "sha1-DnNQrN7ICxEIUoeG7B1EGNEbOW0=",
      "dev": true,
      "optional": true
    },
    "tiny-emitter": {
      "version": "2.0.2",
      "resolved": "https://registry.npmjs.org/tiny-emitter/-/tiny-emitter-2.0.2.tgz",
      "integrity": "sha512-2NM0auVBGft5tee/OxP4PI3d8WItkDM+fPnaRAVo6xTDI2knbz9eC5ArWGqtGlYqiH3RU5yMpdyTTO7MguC4ow==",
      "dev": true,
      "optional": true
    },
    "web-animations-js": {
      "version": "2.3.1",
      "resolved": "https://registry.npmjs.org/web-animations-js/-/web-animations-js-2.3.1.tgz",
      "integrity": "sha1-Om2bwVGWN3qQ+OKAP6UmIWWwRRA="
    }
  }
}
